
Microsoft Visual Studio Solution File, Format Version 12.00
# Visual Studio Version 17
VisualStudioVersion = 17.11.35208.52
MinimumVisualStudioVersion = 10.0.40219.1
Project("{FAE04EC0-301F-11D3-BF4B-00C04F79EFBC}") = "TerminalTransfer", "TerminalTransfer\TerminalTransfer.csproj", "{68CA5F05-20F2-40E5-B6BE-7D1F8210C317}"
EndProject
Global
	GlobalSection(SolutionConfigurationPlatforms) = preSolution
		Debug|Any CPU = Debug|Any CPU
		Release|Any CPU = Release|Any CPU
	EndGlobalSection
	GlobalSection(ProjectConfigurationPlatforms) = postSolution
		{68CA5F05-20F2-40E5-B6BE-7D1F8210C317}.Debug|Any CPU.ActiveCfg = Debug|Any CPU
		{68CA5F05-20F2-40E5-B6BE-7D1F8210C317}.Debug|Any CPU.Build.0 = Debug|Any CPU
		{68CA5F05-20F2-40E5-B6BE-7D1F8210C317}.Release|Any CPU.ActiveCfg = Release|Any CPU
		{68CA5F05-20F2-40E5-B6BE-7D1F8210C317}.Release|Any CPU.Build.0 = Release|Any CPU
	EndGlobalSection
	GlobalSection(SolutionProperties) = preSolution
		HideSolutionNode = FALSE
	EndGlobalSection
	GlobalSection(ExtensibilityGlobals) = postSolution
		SolutionGuid = {7F313A08-06AF-4A14-BC6E-DCA978BD75C8}
	EndGlobalSection
EndGlobal
